// !$*UTF8*$!
{
	archiveVersion = 1;
	classes = {
	};
	objectVersion = 46;
	objects = {

/* Begin PBXBuildFile section */
		A10435181E4BF29B00CEC953 /* AccessData.m in Sources */ = {isa = PBXBuildFile; fileRef = A10435171E4BF29B00CEC953 /* AccessData.m */; };
		A104351C1E4C0EAD00CEC953 /* NSString+ExtTools.m in Sources */ = {isa = PBXBuildFile; fileRef = A104351B1E4C0EAD00CEC953 /* NSString+ExtTools.m */; };
		A104351F1E4C59BB00CEC953 /* RequestData.m in Sources */ = {isa = PBXBuildFile; fileRef = A104351E1E4C59BB00CEC953 /* RequestData.m */; };
		A10A0F4D1E4AC3C500F2B8C3 /* PushClientSDK.m in Sources */ = {isa = PBXBuildFile; fileRef = A10A0F4C1E4AC3C500F2B8C3 /* PushClientSDK.m */; };
		A10A0F4E1E4AC3C500F2B8C3 /* PushClientSDK.h in CopyFiles */ = {isa = PBXBuildFile; fileRef = A10A0F4B1E4AC3C500F2B8C3 /* PushClientSDK.h */; };
		A10B42F91E59E3670023C160 /* PushSocket.m in Sources */ = {isa = PBXBuildFile; fileRef = A10B42F81E59E3670023C160 /* PushSocket.m */; };
		A1A56B651E56A7D500C2A2D5 /* SocketConfigData.m in Sources */ = {isa = PBXBuildFile; fileRef = A1A56B641E56A7D500C2A2D5 /* SocketConfigData.m */; };
		A1B2B83F1E5D7BC800D944FE /* CodecEncoder.m in Sources */ = {isa = PBXBuildFile; fileRef = A1B2B83E1E5D7BC800D944FE /* CodecEncoder.m */; };
		A1B2B8421E5DCF0D00D944FE /* Codec.m in Sources */ = {isa = PBXBuildFile; fileRef = A1B2B8411E5DCF0D00D944FE /* Codec.m */; };
		A1B2B8451E5FD06A00D944FE /* CodecDecoder.m in Sources */ = {isa = PBXBuildFile; fileRef = A1B2B8441E5FD06A00D944FE /* CodecDecoder.m */; };
		A1B2B8481E62CAA500D944FE /* PushSocket+MessageHandler.m in Sources */ = {isa = PBXBuildFile; fileRef = A1B2B8471E62CAA500D944FE /* PushSocket+MessageHandler.m */; };
		A1B2B84B1E63D09700D944FE /* PushSocket+Timer.m in Sources */ = {isa = PBXBuildFile; fileRef = A1B2B84A1E63D09700D944FE /* PushSocket+Timer.m */; };
		A1B2B84E1E63D79A00D944FE /* DisconnectModel.m in Sources */ = {isa = PBXBuildFile; fileRef = A1B2B84D1E63D79A00D944FE /* DisconnectModel.m */; };
		A1E2B0FB1E5AF54D0084FD87 /* BaseModel.m in Sources */ = {isa = PBXBuildFile; fileRef = A1E2B0FA1E5AF54D0084FD87 /* BaseModel.m */; };
		A1E2B0FE1E5B1ACF0084FD87 /* RequestModel.m in Sources */ = {isa = PBXBuildFile; fileRef = A1E2B0FD1E5B1ACF0084FD87 /* RequestModel.m */; };
		A1E2B1031E5B1C340084FD87 /* ConnectRequestModel.m in Sources */ = {isa = PBXBuildFile; fileRef = A1E2B1021E5B1C340084FD87 /* ConnectRequestModel.m */; };
		A1E2B1091E5B21320084FD87 /* AckModel.m in Sources */ = {isa = PBXBuildFile; fileRef = A1E2B1081E5B21320084FD87 /* AckModel.m */; };
		A1E66C231E5BDD1E0015FA25 /* SubscribeRequestModel.m in Sources */ = {isa = PBXBuildFile; fileRef = A1E66C221E5BDD1E0015FA25 /* SubscribeRequestModel.m */; };
		A1E66C291E5C3BEF0015FA25 /* UnsubscribeRequestModel.m in Sources */ = {isa = PBXBuildFile; fileRef = A1E66C281E5C3BEF0015FA25 /* UnsubscribeRequestModel.m */; };
		A1E66C2C1E5C46510015FA25 /* PublishModel.m in Sources */ = {isa = PBXBuildFile; fileRef = A1E66C2B1E5C46510015FA25 /* PublishModel.m */; };
		A1E66C2F1E5C93400015FA25 /* PubAckRequestModel.m in Sources */ = {isa = PBXBuildFile; fileRef = A1E66C2E1E5C93400015FA25 /* PubAckRequestModel.m */; };
		A1E66C321E5C95EB0015FA25 /* PingRequestModel.m in Sources */ = {isa = PBXBuildFile; fileRef = A1E66C311E5C95EB0015FA25 /* PingRequestModel.m */; };
		A1E66C351E5C97330015FA25 /* PingResponseModel.m in Sources */ = {isa = PBXBuildFile; fileRef = A1E66C341E5C97330015FA25 /* PingResponseModel.m */; };
		D2F8E42B792CBAB8247FF2BE /* libPods-PushClientSDK.a in Frameworks */ = {isa = PBXBuildFile; fileRef = 9C2E8DCB26543BAC18DDA272 /* libPods-PushClientSDK.a */; };
/* End PBXBuildFile section */

/* Begin PBXCopyFilesBuildPhase section */
		A10A0F461E4AC3C500F2B8C3 /* CopyFiles */ = {
			isa = PBXCopyFilesBuildPhase;
			buildActionMask = 2147483647;
			dstPath = "include/$(PRODUCT_NAME)";
			dstSubfolderSpec = 16;
			files = (
				A10A0F4E1E4AC3C500F2B8C3 /* PushClientSDK.h in CopyFiles */,
			);
			runOnlyForDeploymentPostprocessing = 0;
		};
/* End PBXCopyFilesBuildPhase section */

/* Begin PBXFileReference section */
		01809BE8BA7980CF5ABE15A9 /* Pods-PushClientSDK.debug.xcconfig */ = {isa = PBXFileReference; includeInIndex = 1; lastKnownFileType = text.xcconfig; name = "Pods-PushClientSDK.debug.xcconfig"; path = "../Pods/Target Support Files/Pods-PushClientSDK/Pods-PushClientSDK.debug.xcconfig"; sourceTree = "<group>"; };
		9C2E8DCB26543BAC18DDA272 /* libPods-PushClientSDK.a */ = {isa = PBXFileReference; explicitFileType = archive.ar; includeInIndex = 0; path = "libPods-PushClientSDK.a"; sourceTree = BUILT_PRODUCTS_DIR; };
		A10435161E4BF29B00CEC953 /* AccessData.h */ = {isa = PBXFileReference; fileEncoding = 4; lastKnownFileType = sourcecode.c.h; path = AccessData.h; sourceTree = "<group>"; };
		A10435171E4BF29B00CEC953 /* AccessData.m */ = {isa = PBXFileReference; fileEncoding = 4; lastKnownFileType = sourcecode.c.objc; path = AccessData.m; sourceTree = "<group>"; };
		A104351A1E4C0EAD00CEC953 /* NSString+ExtTools.h */ = {isa = PBXFileReference; fileEncoding = 4; lastKnownFileType = sourcecode.c.h; path = "NSString+ExtTools.h"; sourceTree = "<group>"; };
		A104351B1E4C0EAD00CEC953 /* NSString+ExtTools.m */ = {isa = PBXFileReference; fileEncoding = 4; lastKnownFileType = sourcecode.c.objc; path = "NSString+ExtTools.m"; sourceTree = "<group>"; };
		A104351D1E4C59BB00CEC953 /* RequestData.h */ = {isa = PBXFileReference; fileEncoding = 4; lastKnownFileType = sourcecode.c.h; path = RequestData.h; sourceTree = "<group>"; };
		A104351E1E4C59BB00CEC953 /* RequestData.m */ = {isa = PBXFileReference; fileEncoding = 4; lastKnownFileType = sourcecode.c.objc; path = RequestData.m; sourceTree = "<group>"; };
		A10A0F481E4AC3C500F2B8C3 /* libPushClientSDK.a */ = {isa = PBXFileReference; explicitFileType = archive.ar; includeInIndex = 0; path = libPushClientSDK.a; sourceTree = BUILT_PRODUCTS_DIR; };
		A10A0F4B1E4AC3C500F2B8C3 /* PushClientSDK.h */ = {isa = PBXFileReference; lastKnownFileType = sourcecode.c.h; path = PushClientSDK.h; sourceTree = "<group>"; };
		A10A0F4C1E4AC3C500F2B8C3 /* PushClientSDK.m */ = {isa = PBXFileReference; lastKnownFileType = sourcecode.c.objc; path = PushClientSDK.m; sourceTree = "<group>"; };
		A10B42F71E59E3670023C160 /* PushSocket.h */ = {isa = PBXFileReference; fileEncoding = 4; lastKnownFileType = sourcecode.c.h; path = PushSocket.h; sourceTree = "<group>"; };
		A10B42F81E59E3670023C160 /* PushSocket.m */ = {isa = PBXFileReference; fileEncoding = 4; lastKnownFileType = sourcecode.c.objc; path = PushSocket.m; sourceTree = "<group>"; };
		A1A56B631E56A7D500C2A2D5 /* SocketConfigData.h */ = {isa = PBXFileReference; fileEncoding = 4; lastKnownFileType = sourcecode.c.h; path = SocketConfigData.h; sourceTree = "<group>"; };
		A1A56B641E56A7D500C2A2D5 /* SocketConfigData.m */ = {isa = PBXFileReference; fileEncoding = 4; lastKnownFileType = sourcecode.c.objc; path = SocketConfigData.m; sourceTree = "<group>"; };
		A1B2B83D1E5D7BC800D944FE /* CodecEncoder.h */ = {isa = PBXFileReference; fileEncoding = 4; lastKnownFileType = sourcecode.c.h; path = CodecEncoder.h; sourceTree = "<group>"; };
		A1B2B83E1E5D7BC800D944FE /* CodecEncoder.m */ = {isa = PBXFileReference; fileEncoding = 4; lastKnownFileType = sourcecode.c.objc; path = CodecEncoder.m; sourceTree = "<group>"; };
		A1B2B8401E5DCF0D00D944FE /* Codec.h */ = {isa = PBXFileReference; fileEncoding = 4; lastKnownFileType = sourcecode.c.h; path = Codec.h; sourceTree = "<group>"; };
		A1B2B8411E5DCF0D00D944FE /* Codec.m */ = {isa = PBXFileReference; fileEncoding = 4; lastKnownFileType = sourcecode.c.objc; path = Codec.m; sourceTree = "<group>"; };
		A1B2B8431E5FD06A00D944FE /* CodecDecoder.h */ = {isa = PBXFileReference; fileEncoding = 4; lastKnownFileType = sourcecode.c.h; path = CodecDecoder.h; sourceTree = "<group>"; };
		A1B2B8441E5FD06A00D944FE /* CodecDecoder.m */ = {isa = PBXFileReference; fileEncoding = 4; lastKnownFileType = sourcecode.c.objc; path = CodecDecoder.m; sourceTree = "<group>"; };
		A1B2B8461E62CAA500D944FE /* PushSocket+MessageHandler.h */ = {isa = PBXFileReference; fileEncoding = 4; lastKnownFileType = sourcecode.c.h; path = "PushSocket+MessageHandler.h"; sourceTree = "<group>"; };
		A1B2B8471E62CAA500D944FE /* PushSocket+MessageHandler.m */ = {isa = PBXFileReference; fileEncoding = 4; lastKnownFileType = sourcecode.c.objc; path = "PushSocket+MessageHandler.m"; sourceTree = "<group>"; };
		A1B2B8491E63D09700D944FE /* PushSocket+Timer.h */ = {isa = PBXFileReference; fileEncoding = 4; lastKnownFileType = sourcecode.c.h; path = "PushSocket+Timer.h"; sourceTree = "<group>"; };
		A1B2B84A1E63D09700D944FE /* PushSocket+Timer.m */ = {isa = PBXFileReference; fileEncoding = 4; lastKnownFileType = sourcecode.c.objc; path = "PushSocket+Timer.m"; sourceTree = "<group>"; };
		A1B2B84C1E63D79A00D944FE /* DisconnectModel.h */ = {isa = PBXFileReference; fileEncoding = 4; lastKnownFileType = sourcecode.c.h; path = DisconnectModel.h; sourceTree = "<group>"; };
		A1B2B84D1E63D79A00D944FE /* DisconnectModel.m */ = {isa = PBXFileReference; fileEncoding = 4; lastKnownFileType = sourcecode.c.objc; path = DisconnectModel.m; sourceTree = "<group>"; };
		A1E2B0F91E5AF54D0084FD87 /* BaseModel.h */ = {isa = PBXFileReference; fileEncoding = 4; lastKnownFileType = sourcecode.c.h; path = BaseModel.h; sourceTree = "<group>"; };
		A1E2B0FA1E5AF54D0084FD87 /* BaseModel.m */ = {isa = PBXFileReference; fileEncoding = 4; lastKnownFileType = sourcecode.c.objc; path = BaseModel.m; sourceTree = "<group>"; };
		A1E2B0FC1E5B1ACF0084FD87 /* RequestModel.h */ = {isa = PBXFileReference; fileEncoding = 4; lastKnownFileType = sourcecode.c.h; path = RequestModel.h; sourceTree = "<group>"; };
		A1E2B0FD1E5B1ACF0084FD87 /* RequestModel.m */ = {isa = PBXFileReference; fileEncoding = 4; lastKnownFileType = sourcecode.c.objc; path = RequestModel.m; sourceTree = "<group>"; };
		A1E2B1001E5B1B620084FD87 /* PushSocketMessageType.h */ = {isa = PBXFileReference; lastKnownFileType = sourcecode.c.h; path = PushSocketMessageType.h; sourceTree = "<group>"; };
		A1E2B1011E5B1C340084FD87 /* ConnectRequestModel.h */ = {isa = PBXFileReference; fileEncoding = 4; lastKnownFileType = sourcecode.c.h; path = ConnectRequestModel.h; sourceTree = "<group>"; };
		A1E2B1021E5B1C340084FD87 /* ConnectRequestModel.m */ = {isa = PBXFileReference; fileEncoding = 4; lastKnownFileType = sourcecode.c.objc; path = ConnectRequestModel.m; sourceTree = "<group>"; };
		A1E2B1071E5B21320084FD87 /* AckModel.h */ = {isa = PBXFileReference; fileEncoding = 4; lastKnownFileType = sourcecode.c.h; path = AckModel.h; sourceTree = "<group>"; };
		A1E2B1081E5B21320084FD87 /* AckModel.m */ = {isa = PBXFileReference; fileEncoding = 4; lastKnownFileType = sourcecode.c.objc; path = AckModel.m; sourceTree = "<group>"; };
		A1E66C211E5BDD1E0015FA25 /* SubscribeRequestModel.h */ = {isa = PBXFileReference; fileEncoding = 4; lastKnownFileType = sourcecode.c.h; path = SubscribeRequestModel.h; sourceTree = "<group>"; };
		A1E66C221E5BDD1E0015FA25 /* SubscribeRequestModel.m */ = {isa = PBXFileReference; fileEncoding = 4; lastKnownFileType = sourcecode.c.objc; path = SubscribeRequestModel.m; sourceTree = "<group>"; };
		A1E66C271E5C3BEF0015FA25 /* UnsubscribeRequestModel.h */ = {isa = PBXFileReference; fileEncoding = 4; lastKnownFileType = sourcecode.c.h; path = UnsubscribeRequestModel.h; sourceTree = "<group>"; };
		A1E66C281E5C3BEF0015FA25 /* UnsubscribeRequestModel.m */ = {isa = PBXFileReference; fileEncoding = 4; lastKnownFileType = sourcecode.c.objc; path = UnsubscribeRequestModel.m; sourceTree = "<group>"; };
		A1E66C2A1E5C46510015FA25 /* PublishModel.h */ = {isa = PBXFileReference; fileEncoding = 4; lastKnownFileType = sourcecode.c.h; path = PublishModel.h; sourceTree = "<group>"; };
		A1E66C2B1E5C46510015FA25 /* PublishModel.m */ = {isa = PBXFileReference; fileEncoding = 4; lastKnownFileType = sourcecode.c.objc; path = PublishModel.m; sourceTree = "<group>"; };
		A1E66C2D1E5C933F0015FA25 /* PubAckRequestModel.h */ = {isa = PBXFileReference; fileEncoding = 4; lastKnownFileType = sourcecode.c.h; path = PubAckRequestModel.h; sourceTree = "<group>"; };
		A1E66C2E1E5C93400015FA25 /* PubAckRequestModel.m */ = {isa = PBXFileReference; fileEncoding = 4; lastKnownFileType = sourcecode.c.objc; path = PubAckRequestModel.m; sourceTree = "<group>"; };
		A1E66C301E5C95EB0015FA25 /* PingRequestModel.h */ = {isa = PBXFileReference; fileEncoding = 4; lastKnownFileType = sourcecode.c.h; path = PingRequestModel.h; sourceTree = "<group>"; };
		A1E66C311E5C95EB0015FA25 /* PingRequestModel.m */ = {isa = PBXFileReference; fileEncoding = 4; lastKnownFileType = sourcecode.c.objc; path = PingRequestModel.m; sourceTree = "<group>"; };
		A1E66C331E5C97330015FA25 /* PingResponseModel.h */ = {isa = PBXFileReference; fileEncoding = 4; lastKnownFileType = sourcecode.c.h; path = PingResponseModel.h; sourceTree = "<group>"; };
		A1E66C341E5C97330015FA25 /* PingResponseModel.m */ = {isa = PBXFileReference; fileEncoding = 4; lastKnownFileType = sourcecode.c.objc; path = PingResponseModel.m; sourceTree = "<group>"; };
		F5CB48AA5BA51B9A5205AE48 /* Pods-PushClientSDK.release.xcconfig */ = {isa = PBXFileReference; includeInIndex = 1; lastKnownFileType = text.xcconfig; name = "Pods-PushClientSDK.release.xcconfig"; path = "../Pods/Target Support Files/Pods-PushClientSDK/Pods-PushClientSDK.release.xcconfig"; sourceTree = "<group>"; };
/* End PBXFileReference section */

/* Begin PBXFrameworksBuildPhase section */
		A10A0F451E4AC3C500F2B8C3 /* Frameworks */ = {
			isa = PBXFrameworksBuildPhase;
			buildActionMask = 2147483647;
			files = (
				D2F8E42B792CBAB8247FF2BE /* libPods-PushClientSDK.a in Frameworks */,
			);
			runOnlyForDeploymentPostprocessing = 0;
		};
/* End PBXFrameworksBuildPhase section */

/* Begin PBXGroup section */
		8A88622ABDA89EE6B04BB605 /* Frameworks */ = {
			isa = PBXGroup;
			children = (
				9C2E8DCB26543BAC18DDA272 /* libPods-PushClientSDK.a */,
			);
			name = Frameworks;
			sourceTree = "<group>";
		};
		A10435151E4BF1F200CEC953 /* data */ = {
			isa = PBXGroup;
			children = (
				A10435161E4BF29B00CEC953 /* AccessData.h */,
				A10435171E4BF29B00CEC953 /* AccessData.m */,
				A1A56B631E56A7D500C2A2D5 /* SocketConfigData.h */,
				A1A56B641E56A7D500C2A2D5 /* SocketConfigData.m */,
				A104351D1E4C59BB00CEC953 /* RequestData.h */,
				A104351E1E4C59BB00CEC953 /* RequestData.m */,
				A1E2B1001E5B1B620084FD87 /* PushSocketMessageType.h */,
			);
			name = data;
			sourceTree = "<group>";
		};
		A10435191E4C0E1700CEC953 /* utils */ = {
			isa = PBXGroup;
			children = (
				A104351A1E4C0EAD00CEC953 /* NSString+ExtTools.h */,
				A104351B1E4C0EAD00CEC953 /* NSString+ExtTools.m */,
			);
			name = utils;
			sourceTree = "<group>";
		};
		A10A0F3F1E4AC3C500F2B8C3 = {
			isa = PBXGroup;
			children = (
				A10A0F4A1E4AC3C500F2B8C3 /* PushClientSDK */,
				A10A0F491E4AC3C500F2B8C3 /* Products */,
				DD52C0BBE6F7F1BBE6D2D77F /* Pods */,
				8A88622ABDA89EE6B04BB605 /* Frameworks */,
			);
			sourceTree = "<group>";
		};
		A10A0F491E4AC3C500F2B8C3 /* Products */ = {
			isa = PBXGroup;
			children = (
				A10A0F481E4AC3C500F2B8C3 /* libPushClientSDK.a */,
			);
			name = Products;
			sourceTree = "<group>";
		};
		A10A0F4A1E4AC3C500F2B8C3 /* PushClientSDK */ = {
			isa = PBXGroup;
			children = (
				A10A0F4B1E4AC3C500F2B8C3 /* PushClientSDK.h */,
				A10A0F4C1E4AC3C500F2B8C3 /* PushClientSDK.m */,
				A10435151E4BF1F200CEC953 /* data */,
				A1E2B0F81E5AF4CF0084FD87 /* model */,
				A10B42F61E59DF450023C160 /* socket */,
				A10435191E4C0E1700CEC953 /* utils */,
			);
			path = PushClientSDK;
			sourceTree = "<group>";
		};
		A10B42F61E59DF450023C160 /* socket */ = {
			isa = PBXGroup;
			children = (
				A10B42F71E59E3670023C160 /* PushSocket.h */,
				A10B42F81E59E3670023C160 /* PushSocket.m */,
				A1B2B8461E62CAA500D944FE /* PushSocket+MessageHandler.h */,
				A1B2B8471E62CAA500D944FE /* PushSocket+MessageHandler.m */,
				A1B2B8491E63D09700D944FE /* PushSocket+Timer.h */,
				A1B2B84A1E63D09700D944FE /* PushSocket+Timer.m */,
				A1B2B8401E5DCF0D00D944FE /* Codec.h */,
				A1B2B8411E5DCF0D00D944FE /* Codec.m */,
				A1B2B83D1E5D7BC800D944FE /* CodecEncoder.h */,
				A1B2B83E1E5D7BC800D944FE /* CodecEncoder.m */,
				A1B2B8431E5FD06A00D944FE /* CodecDecoder.h */,
				A1B2B8441E5FD06A00D944FE /* CodecDecoder.m */,
			);
			name = socket;
			sourceTree = "<group>";
		};
		A1E2B0F81E5AF4CF0084FD87 /* model */ = {
			isa = PBXGroup;
			children = (
				A1E2B0F91E5AF54D0084FD87 /* BaseModel.h */,
				A1E2B0FA1E5AF54D0084FD87 /* BaseModel.m */,
				A1E2B0FC1E5B1ACF0084FD87 /* RequestModel.h */,
				A1E2B0FD1E5B1ACF0084FD87 /* RequestModel.m */,
				A1E2B1071E5B21320084FD87 /* AckModel.h */,
				A1E2B1081E5B21320084FD87 /* AckModel.m */,
				A1E2B1011E5B1C340084FD87 /* ConnectRequestModel.h */,
				A1E2B1021E5B1C340084FD87 /* ConnectRequestModel.m */,
				A1E66C2A1E5C46510015FA25 /* PublishModel.h */,
				A1E66C2B1E5C46510015FA25 /* PublishModel.m */,
				A1E66C2D1E5C933F0015FA25 /* PubAckRequestModel.h */,
				A1E66C2E1E5C93400015FA25 /* PubAckRequestModel.m */,
				A1E66C211E5BDD1E0015FA25 /* SubscribeRequestModel.h */,
				A1E66C221E5BDD1E0015FA25 /* SubscribeRequestModel.m */,
				A1E66C271E5C3BEF0015FA25 /* UnsubscribeRequestModel.h */,
				A1E66C281E5C3BEF0015FA25 /* UnsubscribeRequestModel.m */,
				A1E66C301E5C95EB0015FA25 /* PingRequestModel.h */,
				A1E66C311E5C95EB0015FA25 /* PingRequestModel.m */,
				A1E66C331E5C97330015FA25 /* PingResponseModel.h */,
				A1E66C341E5C97330015FA25 /* PingResponseModel.m */,
				A1B2B84C1E63D79A00D944FE /* DisconnectModel.h */,
				A1B2B84D1E63D79A00D944FE /* DisconnectModel.m */,
			);
			name = model;
			sourceTree = "<group>";
		};
		DD52C0BBE6F7F1BBE6D2D77F /* Pods */ = {
			isa = PBXGroup;
			children = (
				01809BE8BA7980CF5ABE15A9 /* Pods-PushClientSDK.debug.xcconfig */,
				F5CB48AA5BA51B9A5205AE48 /* Pods-PushClientSDK.release.xcconfig */,
			);
			name = Pods;
			sourceTree = "<group>";
		};
/* End PBXGroup section */

/* Begin PBXNativeTarget section */
		A10A0F471E4AC3C500F2B8C3 /* PushClientSDK */ = {
			isa = PBXNativeTarget;
			buildConfigurationList = A10A0F511E4AC3C500F2B8C3 /* Build configuration list for PBXNativeTarget "PushClientSDK" */;
			buildPhases = (
				1DAD5924FB56F2D1754AD6D5 /* [CP] Check Pods Manifest.lock */,
				A10A0F441E4AC3C500F2B8C3 /* Sources */,
				A10A0F451E4AC3C500F2B8C3 /* Frameworks */,
				A10A0F461E4AC3C500F2B8C3 /* CopyFiles */,
				34819FCDA65B7146F6B75CD9 /* [CP] Copy Pods Resources */,
			);
			buildRules = (
			);
			dependencies = (
			);
			name = PushClientSDK;
			productName = PushClientSDK;
			productReference = A10A0F481E4AC3C500F2B8C3 /* libPushClientSDK.a */;
			productType = "com.apple.product-type.library.static";
		};
/* End PBXNativeTarget section */

/* Begin PBXProject section */
		A10A0F401E4AC3C500F2B8C3 /* Project object */ = {
			isa = PBXProject;
			attributes = {
				LastUpgradeCheck = 0810;
				ORGANIZATIONNAME = Murphy;
				TargetAttributes = {
					A10A0F471E4AC3C500F2B8C3 = {
						CreatedOnToolsVersion = 8.1;
						DevelopmentTeam = M3KGF7FX6X;
						ProvisioningStyle = Automatic;
					};
				};
			};
			buildConfigurationList = A10A0F431E4AC3C500F2B8C3 /* Build configuration list for PBXProject "PushClientSDK" */;
			compatibilityVersion = "Xcode 3.2";
			developmentRegion = English;
			hasScannedForEncodings = 0;
			knownRegions = (
				en,
			);
			mainGroup = A10A0F3F1E4AC3C500F2B8C3;
			productRefGroup = A10A0F491E4AC3C500F2B8C3 /* Products */;
			projectDirPath = "";
			projectRoot = "";
			targets = (
				A10A0F471E4AC3C500F2B8C3 /* PushClientSDK */,
			);
		};
/* End PBXProject section */

/* Begin PBXShellScriptBuildPhase section */
		1DAD5924FB56F2D1754AD6D5 /* [CP] Check Pods Manifest.lock */ = {
			isa = PBXShellScriptBuildPhase;
			buildActionMask = 2147483647;
			files = (
			);
			inputPaths = (
			);
			name = "[CP] Check Pods Manifest.lock";
			outputPaths = (
			);
			runOnlyForDeploymentPostprocessing = 0;
			shellPath = /bin/sh;
			shellScript = "diff \"${PODS_ROOT}/../Podfile.lock\" \"${PODS_ROOT}/Manifest.lock\" > /dev/null\nif [ $? != 0 ] ; then\n    # print error to STDERR\n    echo \"error: The sandbox is not in sync with the Podfile.lock. Run 'pod install' or update your CocoaPods installation.\" >&2\n    exit 1\nfi\n";
			showEnvVarsInLog = 0;
		};
		34819FCDA65B7146F6B75CD9 /* [CP] Copy Pods Resources */ = {
			isa = PBXShellScriptBuildPhase;
			buildActionMask = 2147483647;
			files = (
			);
			inputPaths = (
			);
			name = "[CP] Copy Pods Resources";
			outputPaths = (
			);
			runOnlyForDeploymentPostprocessing = 0;
			shellPath = /bin/sh;
			shellScript = "\"${SRCROOT}/../Pods/Target Support Files/Pods-PushClientSDK/Pods-PushClientSDK-resources.sh\"\n";
			showEnvVarsInLog = 0;
		};
/* End PBXShellScriptBuildPhase section */

/* Begin PBXSourcesBuildPhase section */
		A10A0F441E4AC3C500F2B8C3 /* Sources */ = {
			isa = PBXSourcesBuildPhase;
			buildActionMask = 2147483647;
			files = (
				A1B2B8421E5DCF0D00D944FE /* Codec.m in Sources */,
				A10B42F91E59E3670023C160 /* PushSocket.m in Sources */,
				A1A56B651E56A7D500C2A2D5 /* SocketConfigData.m in Sources */,
				A1E66C231E5BDD1E0015FA25 /* SubscribeRequestModel.m in Sources */,
				A1E66C291E5C3BEF0015FA25 /* UnsubscribeRequestModel.m in Sources */,
				A1B2B8481E62CAA500D944FE /* PushSocket+MessageHandler.m in Sources */,
				A10A0F4D1E4AC3C500F2B8C3 /* PushClientSDK.m in Sources */,
				A1E2B0FE1E5B1ACF0084FD87 /* RequestModel.m in Sources */,
				A1B2B84B1E63D09700D944FE /* PushSocket+Timer.m in Sources */,
				A1B2B84E1E63D79A00D944FE /* DisconnectModel.m in Sources */,
				A1E2B0FB1E5AF54D0084FD87 /* BaseModel.m in Sources */,
				A1E66C2C1E5C46510015FA25 /* PublishModel.m in Sources */,
				A1E2B1091E5B21320084FD87 /* AckModel.m in Sources */,
				A1B2B83F1E5D7BC800D944FE /* CodecEncoder.m in Sources */,
				A1E2B1031E5B1C340084FD87 /* ConnectRequestModel.m in Sources */,
				A1E66C321E5C95EB0015FA25 /* PingRequestModel.m in Sources */,
				A104351C1E4C0EAD00CEC953 /* NSString+ExtTools.m in Sources */,
				A1E66C351E5C97330015FA25 /* PingResponseModel.m in Sources */,
				A1B2B8451E5FD06A00D944FE /* CodecDecoder.m in Sources */,
				A1E66C2F1E5C93400015FA25 /* PubAckRequestModel.m in Sources */,
				A10435181E4BF29B00CEC953 /* AccessData.m in Sources */,
				A104351F1E4C59BB00CEC953 /* RequestData.m in Sources */,
			);
			runOnlyForDeploymentPostprocessing = 0;
		};
/* End PBXSourcesBuildPhase section */

/* Begin XCBuildConfiguration section */
		A10A0F4F1E4AC3C500F2B8C3 /* Debug */ = {
			isa = XCBuildConfiguration;
			buildSettings = {
				ALWAYS_SEARCH_USER_PATHS = NO;
				CLANG_ANALYZER_NONNULL = YES;
				CLANG_CXX_LANGUAGE_STANDARD = "gnu++0x";
				CLANG_CXX_LIBRARY = "libc++";
				CLANG_ENABLE_MODULES = YES;
				CLANG_ENABLE_OBJC_ARC = YES;
				CLANG_WARN_BOOL_CONVERSION = YES;
				CLANG_WARN_CONSTANT_CONVERSION = YES;
				CLANG_WARN_DIRECT_OBJC_ISA_USAGE = YES_ERROR;
				CLANG_WARN_DOCUMENTATION_COMMENTS = YES;
				CLANG_WARN_EMPTY_BODY = YES;
				CLANG_WARN_ENUM_CONVERSION = YES;
				CLANG_WARN_INFINITE_RECURSION = YES;
				CLANG_WARN_INT_CONVERSION = YES;
				CLANG_WARN_OBJC_ROOT_CLASS = YES_ERROR;
				CLANG_WARN_SUSPICIOUS_MOVE = YES;
				CLANG_WARN_SUSPICIOUS_MOVES = YES;
				CLANG_WARN_UNREACHABLE_CODE = YES;
				CLANG_WARN__DUPLICATE_METHOD_MATCH = YES;
				"CODE_SIGN_IDENTITY[sdk=iphoneos*]" = "iPhone Developer";
				COPY_PHASE_STRIP = NO;
				DEBUG_INFORMATION_FORMAT = dwarf;
				ENABLE_STRICT_OBJC_MSGSEND = YES;
				ENABLE_TESTABILITY = YES;
				GCC_C_LANGUAGE_STANDARD = gnu99;
				GCC_DYNAMIC_NO_PIC = NO;
				GCC_NO_COMMON_BLOCKS = YES;
				GCC_OPTIMIZATION_LEVEL = 0;
				GCC_PREPROCESSOR_DEFINITIONS = (
					"DEBUG=1",
					"$(inherited)",
				);
				GCC_WARN_64_TO_32_BIT_CONVERSION = YES;
				GCC_WARN_ABOUT_RETURN_TYPE = YES_ERROR;
				GCC_WARN_UNDECLARED_SELECTOR = YES;
				GCC_WARN_UNINITIALIZED_AUTOS = YES_AGGRESSIVE;
				GCC_WARN_UNUSED_FUNCTION = YES;
				GCC_WARN_UNUSED_VARIABLE = YES;
				IPHONEOS_DEPLOYMENT_TARGET = 10.1;
				MTL_ENABLE_DEBUG_INFO = YES;
				ONLY_ACTIVE_ARCH = YES;
				SDKROOT = iphoneos;
			};
			name = Debug;
		};
		A10A0F501E4AC3C500F2B8C3 /* Release */ = {
			isa = XCBuildConfiguration;
			buildSettings = {
				ALWAYS_SEARCH_USER_PATHS = NO;
				CLANG_ANALYZER_NONNULL = YES;
				CLANG_CXX_LANGUAGE_STANDARD = "gnu++0x";
				CLANG_CXX_LIBRARY = "libc++";
				CLANG_ENABLE_MODULES = YES;
				CLANG_ENABLE_OBJC_ARC = YES;
				CLANG_WARN_BOOL_CONVERSION = YES;
				CLANG_WARN_CONSTANT_CONVERSION = YES;
				CLANG_WARN_DIRECT_OBJC_ISA_USAGE = YES_ERROR;
				CLANG_WARN_DOCUMENTATION_COMMENTS = YES;
				CLANG_WARN_EMPTY_BODY = YES;
				CLANG_WARN_ENUM_CONVERSION = YES;
				CLANG_WARN_INFINITE_RECURSION = YES;
				CLANG_WARN_INT_CONVERSION = YES;
				CLANG_WARN_OBJC_ROOT_CLASS = YES_ERROR;
				CLANG_WARN_SUSPICIOUS_MOVE = YES;
				CLANG_WARN_SUSPICIOUS_MOVES = YES;
				CLANG_WARN_UNREACHABLE_CODE = YES;
				CLANG_WARN__DUPLICATE_METHOD_MATCH = YES;
				"CODE_SIGN_IDENTITY[sdk=iphoneos*]" = "iPhone Developer";
				COPY_PHASE_STRIP = NO;
				DEBUG_INFORMATION_FORMAT = "dwarf-with-dsym";
				ENABLE_NS_ASSERTIONS = NO;
				ENABLE_STRICT_OBJC_MSGSEND = YES;
				GCC_C_LANGUAGE_STANDARD = gnu99;
				GCC_NO_COMMON_BLOCKS = YES;
				GCC_WARN_64_TO_32_BIT_CONVERSION = YES;
				GCC_WARN_ABOUT_RETURN_TYPE = YES_ERROR;
				GCC_WARN_UNDECLARED_SELECTOR = YES;
				GCC_WARN_UNINITIALIZED_AUTOS = YES_AGGRESSIVE;
				GCC_WARN_UNUSED_FUNCTION = YES;
				GCC_WARN_UNUSED_VARIABLE = YES;
				IPHONEOS_DEPLOYMENT_TARGET = 10.1;
				MTL_ENABLE_DEBUG_INFO = NO;
				SDKROOT = iphoneos;
				VALIDATE_PRODUCT = YES;
			};
			name = Release;
		};
		A10A0F521E4AC3C500F2B8C3 /* Debug */ = {
			isa = XCBuildConfiguration;
			baseConfigurationReference = 01809BE8BA7980CF5ABE15A9 /* Pods-PushClientSDK.debug.xcconfig */;
			buildSettings = {
				DEVELOPMENT_TEAM = M3KGF7FX6X;
				OTHER_LDFLAGS = (
					"$(inherited)",
					"-ObjC",
				);
				PRODUCT_NAME = "$(TARGET_NAME)";
				SKIP_INSTALL = YES;
			};
			name = Debug;
		};
		A10A0F531E4AC3C500F2B8C3 /* Release */ = {
			isa = XCBuildConfiguration;
			baseConfigurationReference = F5CB48AA5BA51B9A5205AE48 /* Pods-PushClientSDK.release.xcconfig */;
			buildSettings = {
				DEVELOPMENT_TEAM = M3KGF7FX6X;
				OTHER_LDFLAGS = (
					"$(inherited)",
					"-ObjC",
				);
				PRODUCT_NAME = "$(TARGET_NAME)";
				SKIP_INSTALL = YES;
			};
			name = Release;
		};
/* End XCBuildConfiguration section */

/* Begin XCConfigurationList section */
		A10A0F431E4AC3C500F2B8C3 /* Build configuration list for PBXProject "PushClientSDK" */ = {
			isa = XCConfigurationList;
			buildConfigurations = (
				A10A0F4F1E4AC3C500F2B8C3 /* Debug */,
				A10A0F501E4AC3C500F2B8C3 /* Release */,
			);
			defaultConfigurationIsVisible = 0;
			defaultConfigurationName = Release;
		};
		A10A0F511E4AC3C500F2B8C3 /* Build configuration list for PBXNativeTarget "PushClientSDK" */ = {
			isa = XCConfigurationList;
			buildConfigurations = (
				A10A0F521E4AC3C500F2B8C3 /* Debug */,
				A10A0F531E4AC3C500F2B8C3 /* Release */,
			);
			defaultConfigurationIsVisible = 0;
			defaultConfigurationName = Release;
		};
/* End XCConfigurationList section */
	};
	rootObject = A10A0F401E4AC3C500F2B8C3 /* Project object */;
}
